
Microsoft Visual Studio Solution File, Format Version 12.00
# Visual Studio Version 16
VisualStudioVersion = 16.0.31624.102
MinimumVisualStudioVersion = 10.0.40219.1
Project("{FAE04EC0-301F-11D3-BF4B-00C04F79EFBC}") = "Methods", "Methods.csproj", "{56925523-317E-42EC-BB95-29576F576652}"
EndProject
Global
	GlobalSection(SolutionConfigurationPlatforms) = preSolution
		Debug|Any CPU = Debug|Any CPU
		Release|Any CPU = Release|Any CPU
	EndGlobalSection
	GlobalSection(ProjectConfigurationPlatforms) = postSolution
		{56925523-317E-42EC-BB95-29576F576652}.Debug|Any CPU.ActiveCfg = Debug|Any CPU
		{56925523-317E-42EC-BB95-29576F576652}.Debug|Any CPU.Build.0 = Debug|Any CPU
		{56925523-317E-42EC-BB95-29576F576652}.Release|Any CPU.ActiveCfg = Release|Any CPU
		{56925523-317E-42EC-BB95-29576F576652}.Release|Any CPU.Build.0 = Release|Any CPU
	EndGlobalSection
	GlobalSection(SolutionProperties) = preSolution
		HideSolutionNode = FALSE
	EndGlobalSection
	GlobalSection(ExtensibilityGlobals) = postSolution
		SolutionGuid = {663BD4EA-78C6-40EB-B54F-C4F3A121EBDD}
	EndGlobalSection
EndGlobal
