
Microsoft Visual Studio Solution File, Format Version 12.00
# Visual Studio Version 16
VisualStudioVersion = 16.0.31624.102
MinimumVisualStudioVersion = 10.0.40219.1
Project("{FAE04EC0-301F-11D3-BF4B-00C04F79EFBC}") = "Arrays", "Arrays.csproj", "{B02A0A62-8832-4CD6-A95E-68051E545FDD}"
EndProject
Global
	GlobalSection(SolutionConfigurationPlatforms) = preSolution
		Debug|Any CPU = Debug|Any CPU
		Release|Any CPU = Release|Any CPU
	EndGlobalSection
	GlobalSection(ProjectConfigurationPlatforms) = postSolution
		{B02A0A62-8832-4CD6-A95E-68051E545FDD}.Debug|Any CPU.ActiveCfg = Debug|Any CPU
		{B02A0A62-8832-4CD6-A95E-68051E545FDD}.Debug|Any CPU.Build.0 = Debug|Any CPU
		{B02A0A62-8832-4CD6-A95E-68051E545FDD}.Release|Any CPU.ActiveCfg = Release|Any CPU
		{B02A0A62-8832-4CD6-A95E-68051E545FDD}.Release|Any CPU.Build.0 = Release|Any CPU
	EndGlobalSection
	GlobalSection(SolutionProperties) = preSolution
		HideSolutionNode = FALSE
	EndGlobalSection
	GlobalSection(ExtensibilityGlobals) = postSolution
		SolutionGuid = {C32B64DC-F62E-41CC-AEBC-4F1A6EF11A6A}
	EndGlobalSection
EndGlobal
